// !$*UTF8*$!
{
	archiveVersion = 1;
	classes = {
	};
	objectVersion = 46;
	objects = {

/* Begin PBXBuildFile section */
		60E2888A1B63A85B00D7068A /* AppDelegate.swift in Sources */ = {isa = PBXBuildFile; fileRef = 60E288891B63A85B00D7068A /* AppDelegate.swift */; };
		60E2888D1B63A85B00D7068A /* Patran.xcdatamodeld in Sources */ = {isa = PBXBuildFile; fileRef = 60E2888B1B63A85B00D7068A /* Patran.xcdatamodeld */; };
		60E2888F1B63A85B00D7068A /* ViewController.swift in Sources */ = {isa = PBXBuildFile; fileRef = 60E2888E1B63A85B00D7068A /* ViewController.swift */; };
		60E288921B63A85B00D7068A /* Main.storyboard in Resources */ = {isa = PBXBuildFile; fileRef = 60E288901B63A85B00D7068A /* Main.storyboard */; };
		60E288941B63A85B00D7068A /* Images.xcassets in Resources */ = {isa = PBXBuildFile; fileRef = 60E288931B63A85B00D7068A /* Images.xcassets */; };
		60E288971B63A85B00D7068A /* LaunchScreen.xib in Resources */ = {isa = PBXBuildFile; fileRef = 60E288951B63A85B00D7068A /* LaunchScreen.xib */; };
		60E288A31B63A85B00D7068A /* PatranTests.swift in Sources */ = {isa = PBXBuildFile; fileRef = 60E288A21B63A85B00D7068A /* PatranTests.swift */; };
/* End PBXBuildFile section */

/* Begin PBXContainerItemProxy section */
		60E2889D1B63A85B00D7068A /* PBXContainerItemProxy */ = {
			isa = PBXContainerItemProxy;
			containerPortal = 60E2887C1B63A85A00D7068A /* Project object */;
			proxyType = 1;
			remoteGlobalIDString = 60E288831B63A85B00D7068A;
			remoteInfo = Patran;
		};
/* End PBXContainerItemProxy section */

/* Begin PBXFileReference section */
		60E288841B63A85B00D7068A /* Patran.app */ = {isa = PBXFileReference; explicitFileType = wrapper.application; includeInIndex = 0; path = Patran.app; sourceTree = BUILT_PRODUCTS_DIR; };
		60E288881B63A85B00D7068A /* Info.plist */ = {isa = PBXFileReference; lastKnownFileType = text.plist.xml; path = Info.plist; sourceTree = "<group>"; };
		60E288891B63A85B00D7068A /* AppDelegate.swift */ = {isa = PBXFileReference; lastKnownFileType = sourcecode.swift; path = AppDelegate.swift; sourceTree = "<group>"; };
		60E2888C1B63A85B00D7068A /* Patran.xcdatamodel */ = {isa = PBXFileReference; lastKnownFileType = wrapper.xcdatamodel; path = Patran.xcdatamodel; sourceTree = "<group>"; };
		60E2888E1B63A85B00D7068A /* ViewController.swift */ = {isa = PBXFileReference; lastKnownFileType = sourcecode.swift; path = ViewController.swift; sourceTree = "<group>"; };
		60E288911B63A85B00D7068A /* Base */ = {isa = PBXFileReference; lastKnownFileType = file.storyboard; name = Base; path = Base.lproj/Main.storyboard; sourceTree = "<group>"; };
		60E288931B63A85B00D7068A /* Images.xcassets */ = {isa = PBXFileReference; lastKnownFileType = folder.assetcatalog; path = Images.xcassets; sourceTree = "<group>"; };
		60E288961B63A85B00D7068A /* Base */ = {isa = PBXFileReference; lastKnownFileType = file.xib; name = Base; path = Base.lproj/LaunchScreen.xib; sourceTree = "<group>"; };
		60E2889C1B63A85B00D7068A /* PatranTests.xctest */ = {isa = PBXFileReference; explicitFileType = wrapper.cfbundle; includeInIndex = 0; path = PatranTests.xctest; sourceTree = BUILT_PRODUCTS_DIR; };
		60E288A11B63A85B00D7068A /* Info.plist */ = {isa = PBXFileReference; lastKnownFileType = text.plist.xml; path = Info.plist; sourceTree = "<group>"; };
		60E288A21B63A85B00D7068A /* PatranTests.swift */ = {isa = PBXFileReference; lastKnownFileType = sourcecode.swift; path = PatranTests.swift; sourceTree = "<group>"; };
/* End PBXFileReference section */

/* Begin PBXFrameworksBuildPhase section */
		60E288811B63A85B00D7068A /* Frameworks */ = {
			isa = PBXFrameworksBuildPhase;
			buildActionMask = 2147483647;
			files = (
			);
			runOnlyForDeploymentPostprocessing = 0;
		};
		60E288991B63A85B00D7068A /* Frameworks */ = {
			isa = PBXFrameworksBuildPhase;
			buildActionMask = 2147483647;
			files = (
			);
			runOnlyForDeploymentPostprocessing = 0;
		};
/* End PBXFrameworksBuildPhase section */

/* Begin PBXGroup section */
		60E2887B1B63A85A00D7068A = {
			isa = PBXGroup;
			children = (
				60E288861B63A85B00D7068A /* Patran */,
				60E2889F1B63A85B00D7068A /* PatranTests */,
				60E288851B63A85B00D7068A /* Products */,
			);
			sourceTree = "<group>";
		};
		60E288851B63A85B00D7068A /* Products */ = {
			isa = PBXGroup;
			children = (
				60E288841B63A85B00D7068A /* Patran.app */,
				60E2889C1B63A85B00D7068A /* PatranTests.xctest */,
			);
			name = Products;
			sourceTree = "<group>";
		};
		60E288861B63A85B00D7068A /* Patran */ = {
			isa = PBXGroup;
			children = (
				60E288891B63A85B00D7068A /* AppDelegate.swift */,
				60E2888E1B63A85B00D7068A /* ViewController.swift */,
				60E288901B63A85B00D7068A /* Main.storyboard */,
				60E288931B63A85B00D7068A /* Images.xcassets */,
				60E288951B63A85B00D7068A /* LaunchScreen.xib */,
				60E2888B1B63A85B00D7068A /* Patran.xcdatamodeld */,
				60E288871B63A85B00D7068A /* Supporting Files */,
			);
			path = Patran;
			sourceTree = "<group>";
		};
		60E288871B63A85B00D7068A /* Supporting Files */ = {
			isa = PBXGroup;
			children = (
				60E288881B63A85B00D7068A /* Info.plist */,
			);
			name = "Supporting Files";
			sourceTree = "<group>";
		};
		60E2889F1B63A85B00D7068A /* PatranTests */ = {
			isa = PBXGroup;
			children = (
				60E288A21B63A85B00D7068A /* PatranTests.swift */,
				60E288A01B63A85B00D7068A /* Supporting Files */,
			);
			path = PatranTests;
			sourceTree = "<group>";
		};
		60E288A01B63A85B00D7068A /* Supporting Files */ = {
			isa = PBXGroup;
			children = (
				60E288A11B63A85B00D7068A /* Info.plist */,
			);
			name = "Supporting Files";
			sourceTree = "<group>";
		};
/* End PBXGroup section */

/* Begin PBXNativeTarget section */
		60E288831B63A85B00D7068A /* Patran */ = {
			isa = PBXNativeTarget;
			buildConfigurationList = 60E288A61B63A85B00D7068A /* Build configuration list for PBXNativeTarget "Patran" */;
			buildPhases = (
				60E288801B63A85B00D7068A /* Sources */,
				60E288811B63A85B00D7068A /* Frameworks */,
				60E288821B63A85B00D7068A /* Resources */,
			);
			buildRules = (
			);
			dependencies = (
			);
			name = Patran;
			productName = Patran;
			productReference = 60E288841B63A85B00D7068A /* Patran.app */;
			productType = "com.apple.product-type.application";
		};
		60E2889B1B63A85B00D7068A /* PatranTests */ = {
			isa = PBXNativeTarget;
			buildConfigurationList = 60E288A91B63A85B00D7068A /* Build configuration list for PBXNativeTarget "PatranTests" */;
			buildPhases = (
				60E288981B63A85B00D7068A /* Sources */,
				60E288991B63A85B00D7068A /* Frameworks */,
				60E2889A1B63A85B00D7068A /* Resources */,
			);
			buildRules = (
			);
			dependencies = (
				60E2889E1B63A85B00D7068A /* PBXTargetDependency */,
			);
			name = PatranTests;
			productName = PatranTests;
			productReference = 60E2889C1B63A85B00D7068A /* PatranTests.xctest */;
			productType = "com.apple.product-type.bundle.unit-test";
		};
/* End PBXNativeTarget section */

/* Begin PBXProject section */
		60E2887C1B63A85A00D7068A /* Project object */ = {
			isa = PBXProject;
			attributes = {
				LastUpgradeCheck = 0610;
				ORGANIZATIONNAME = kaanbursa;
				TargetAttributes = {
					60E288831B63A85B00D7068A = {
						CreatedOnToolsVersion = 6.1;
					};
					60E2889B1B63A85B00D7068A = {
						CreatedOnToolsVersion = 6.1;
						TestTargetID = 60E288831B63A85B00D7068A;
					};
				};
			};
			buildConfigurationList = 60E2887F1B63A85A00D7068A /* Build configuration list for PBXProject "Patran" */;
			compatibilityVersion = "Xcode 3.2";
			developmentRegion = English;
			hasScannedForEncodings = 0;
			knownRegions = (
				en,
				Base,
			);
			mainGroup = 60E2887B1B63A85A00D7068A;
			productRefGroup = 60E288851B63A85B00D7068A /* Products */;
			projectDirPath = "";
			projectRoot = "";
			targets = (
				60E288831B63A85B00D7068A /* Patran */,
				60E2889B1B63A85B00D7068A /* PatranTests */,
			);
		};
/* End PBXProject section */

/* Begin PBXResourcesBuildPhase section */
		60E288821B63A85B00D7068A /* Resources */ = {
			isa = PBXResourcesBuildPhase;
			buildActionMask = 2147483647;
			files = (
				60E288921B63A85B00D7068A /* Main.storyboard in Resources */,
				60E288971B63A85B00D7068A /* LaunchScreen.xib in Resources */,
				60E288941B63A85B00D7068A /* Images.xcassets in Resources */,
			);
			runOnlyForDeploymentPostprocessing = 0;
		};
		60E2889A1B63A85B00D7068A /* Resources */ = {
			isa = PBXResourcesBuildPhase;
			buildActionMask = 2147483647;
			files = (
			);
			runOnlyForDeploymentPostprocessing = 0;
		};
/* End PBXResourcesBuildPhase section */

/* Begin PBXSourcesBuildPhase section */
		60E288801B63A85B00D7068A /* Sources */ = {
			isa = PBXSourcesBuildPhase;
			buildActionMask = 2147483647;
			files = (
				60E2888F1B63A85B00D7068A /* ViewController.swift in Sources */,
				60E2888A1B63A85B00D7068A /* AppDelegate.swift in Sources */,
				60E2888D1B63A85B00D7068A /* Patran.xcdatamodeld in Sources */,
			);
			runOnlyForDeploymentPostprocessing = 0;
		};
		60E288981B63A85B00D7068A /* Sources */ = {
			isa = PBXSourcesBuildPhase;
			buildActionMask = 2147483647;
			files = (
				60E288A31B63A85B00D7068A /* PatranTests.swift in Sources */,
			);
			runOnlyForDeploymentPostprocessing = 0;
		};
/* End PBXSourcesBuildPhase section */

/* Begin PBXTargetDependency section */
		60E2889E1B63A85B00D7068A /* PBXTargetDependency */ = {
			isa = PBXTargetDependency;
			target = 60E288831B63A85B00D7068A /* Patran */;
			targetProxy = 60E2889D1B63A85B00D7068A /* PBXContainerItemProxy */;
		};
/* End PBXTargetDependency section */

/* Begin PBXVariantGroup section */
		60E288901B63A85B00D7068A /* Main.storyboard */ = {
			isa = PBXVariantGroup;
			children = (
				60E288911B63A85B00D7068A /* Base */,
			);
			name = Main.storyboard;
			sourceTree = "<group>";
		};
		60E288951B63A85B00D7068A /* LaunchScreen.xib */ = {
			isa = PBXVariantGroup;
			children = (
				60E288961B63A85B00D7068A /* Base */,
			);
			name = LaunchScreen.xib;
			sourceTree = "<group>";
		};
/* End PBXVariantGroup section */

/* Begin XCBuildConfiguration section */
		60E288A41B63A85B00D7068A /* Debug */ = {
			isa = XCBuildConfiguration;
			buildSettings = {
				ALWAYS_SEARCH_USER_PATHS = NO;
				CLANG_CXX_LANGUAGE_STANDARD = "gnu++0x";
				CLANG_CXX_LIBRARY = "libc++";
				CLANG_ENABLE_MODULES = YES;
				CLANG_ENABLE_OBJC_ARC = YES;
				CLANG_WARN_BOOL_CONVERSION = YES;
				CLANG_WARN_CONSTANT_CONVERSION = YES;
				CLANG_WARN_DIRECT_OBJC_ISA_USAGE = YES_ERROR;
				CLANG_WARN_EMPTY_BODY = YES;
				CLANG_WARN_ENUM_CONVERSION = YES;
				CLANG_WARN_INT_CONVERSION = YES;
				CLANG_WARN_OBJC_ROOT_CLASS = YES_ERROR;
				CLANG_WARN_UNREACHABLE_CODE = YES;
				CLANG_WARN__DUPLICATE_METHOD_MATCH = YES;
				"CODE_SIGN_IDENTITY[sdk=iphoneos*]" = "iPhone Developer";
				COPY_PHASE_STRIP = NO;
				ENABLE_STRICT_OBJC_MSGSEND = YES;
				GCC_C_LANGUAGE_STANDARD = gnu99;
				GCC_DYNAMIC_NO_PIC = NO;
				GCC_OPTIMIZATION_LEVEL = 0;
				GCC_PREPROCESSOR_DEFINITIONS = (
					"DEBUG=1",
					"$(inherited)",
				);
				GCC_SYMBOLS_PRIVATE_EXTERN = NO;
				GCC_WARN_64_TO_32_BIT_CONVERSION = YES;
				GCC_WARN_ABOUT_RETURN_TYPE = YES_ERROR;
				GCC_WARN_UNDECLARED_SELECTOR = YES;
				GCC_WARN_UNINITIALIZED_AUTOS = YES_AGGRESSIVE;
				GCC_WARN_UNUSED_FUNCTION = YES;
				GCC_WARN_UNUSED_VARIABLE = YES;
				IPHONEOS_DEPLOYMENT_TARGET = 8.1;
				MTL_ENABLE_DEBUG_INFO = YES;
				ONLY_ACTIVE_ARCH = YES;
				SDKROOT = iphoneos;
				SWIFT_OPTIMIZATION_LEVEL = "-Onone";
			};
			name = Debug;
		};
		60E288A51B63A85B00D7068A /* Release */ = {
			isa = XCBuildConfiguration;
			buildSettings = {
				ALWAYS_SEARCH_USER_PATHS = NO;
				CLANG_CXX_LANGUAGE_STANDARD = "gnu++0x";
				CLANG_CXX_LIBRARY = "libc++";
				CLANG_ENABLE_MODULES = YES;
				CLANG_ENABLE_OBJC_ARC = YES;
				CLANG_WARN_BOOL_CONVERSION = YES;
				CLANG_WARN_CONSTANT_CONVERSION = YES;
				CLANG_WARN_DIRECT_OBJC_ISA_USAGE = YES_ERROR;
				CLANG_WARN_EMPTY_BODY = YES;
				CLANG_WARN_ENUM_CONVERSION = YES;
				CLANG_WARN_INT_CONVERSION = YES;
				CLANG_WARN_OBJC_ROOT_CLASS = YES_ERROR;
				CLANG_WARN_UNREACHABLE_CODE = YES;
				CLANG_WARN__DUPLICATE_METHOD_MATCH = YES;
				"CODE_SIGN_IDENTITY[sdk=iphoneos*]" = "iPhone Developer";
				COPY_PHASE_STRIP = YES;
				ENABLE_NS_ASSERTIONS = NO;
				ENABLE_STRICT_OBJC_MSGSEND = YES;
				GCC_C_LANGUAGE_STANDARD = gnu99;
				GCC_WARN_64_TO_32_BIT_CONVERSION = YES;
				GCC_WARN_ABOUT_RETURN_TYPE = YES_ERROR;
				GCC_WARN_UNDECLARED_SELECTOR = YES;
				GCC_WARN_UNINITIALIZED_AUTOS = YES_AGGRESSIVE;
				GCC_WARN_UNUSED_FUNCTION = YES;
				GCC_WARN_UNUSED_VARIABLE = YES;
				IPHONEOS_DEPLOYMENT_TARGET = 8.1;
				MTL_ENABLE_DEBUG_INFO = NO;
				SDKROOT = iphoneos;
				VALIDATE_PRODUCT = YES;
			};
			name = Release;
		};
		60E288A71B63A85B00D7068A /* Debug */ = {
			isa = XCBuildConfiguration;
			buildSettings = {
				ASSETCATALOG_COMPILER_APPICON_NAME = AppIcon;
				INFOPLIST_FILE = Patran/Info.plist;
				LD_RUNPATH_SEARCH_PATHS = "$(inherited) @executable_path/Frameworks";
				PRODUCT_NAME = "$(TARGET_NAME)";
			};
			name = Debug;
		};
		60E288A81B63A85B00D7068A /* Release */ = {
			isa = XCBuildConfiguration;
			buildSettings = {
				ASSETCATALOG_COMPILER_APPICON_NAME = AppIcon;
				INFOPLIST_FILE = Patran/Info.plist;
				LD_RUNPATH_SEARCH_PATHS = "$(inherited) @executable_path/Frameworks";
				PRODUCT_NAME = "$(TARGET_NAME)";
			};
			name = Release;
		};
		60E288AA1B63A85B00D7068A /* Debug */ = {
			isa = XCBuildConfiguration;
			buildSettings = {
				BUNDLE_LOADER = "$(TEST_HOST)";
				FRAMEWORK_SEARCH_PATHS = (
					"$(SDKROOT)/Developer/Library/Frameworks",
					"$(inherited)",
				);
				GCC_PREPROCESSOR_DEFINITIONS = (
					"DEBUG=1",
					"$(inherited)",
				);
				INFOPLIST_FILE = PatranTests/Info.plist;
				LD_RUNPATH_SEARCH_PATHS = "$(inherited) @executable_path/Frameworks @loader_path/Frameworks";
				PRODUCT_NAME = "$(TARGET_NAME)";
				TEST_HOST = "$(BUILT_PRODUCTS_DIR)/Patran.app/Patran";
			};
			name = Debug;
		};
		60E288AB1B63A85B00D7068A /* Release */ = {
			isa = XCBuildConfiguration;
			buildSettings = {
				BUNDLE_LOADER = "$(TEST_HOST)";
				FRAMEWORK_SEARCH_PATHS = (
					"$(SDKROOT)/Developer/Library/Frameworks",
					"$(inherited)",
				);
				INFOPLIST_FILE = PatranTests/Info.plist;
				LD_RUNPATH_SEARCH_PATHS = "$(inherited) @executable_path/Frameworks @loader_path/Frameworks";
				PRODUCT_NAME = "$(TARGET_NAME)";
				TEST_HOST = "$(BUILT_PRODUCTS_DIR)/Patran.app/Patran";
			};
			name = Release;
		};
/* End XCBuildConfiguration section */

/* Begin XCConfigurationList section */
		60E2887F1B63A85A00D7068A /* Build configuration list for PBXProject "Patran" */ = {
			isa = XCConfigurationList;
			buildConfigurations = (
				60E288A41B63A85B00D7068A /* Debug */,
				60E288A51B63A85B00D7068A /* Release */,
			);
			defaultConfigurationIsVisible = 0;
			defaultConfigurationName = Release;
		};
		60E288A61B63A85B00D7068A /* Build configuration list for PBXNativeTarget "Patran" */ = {
			isa = XCConfigurationList;
			buildConfigurations = (
				60E288A71B63A85B00D7068A /* Debug */,
				60E288A81B63A85B00D7068A /* Release */,
			);
			defaultConfigurationIsVisible = 0;
		};
		60E288A91B63A85B00D7068A /* Build configuration list for PBXNativeTarget "PatranTests" */ = {
			isa = XCConfigurationList;
			buildConfigurations = (
				60E288AA1B63A85B00D7068A /* Debug */,
				60E288AB1B63A85B00D7068A /* Release */,
			);
			defaultConfigurationIsVisible = 0;
		};
/* End XCConfigurationList section */

/* Begin XCVersionGroup section */
		60E2888B1B63A85B00D7068A /* Patran.xcdatamodeld */ = {
			isa = XCVersionGroup;
			children = (
				60E2888C1B63A85B00D7068A /* Patran.xcdatamodel */,
			);
			currentVersion = 60E2888C1B63A85B00D7068A /* Patran.xcdatamodel */;
			path = Patran.xcdatamodeld;
			sourceTree = "<group>";
			versionGroupType = wrapper.xcdatamodel;
		};
/* End XCVersionGroup section */
	};
	rootObject = 60E2887C1B63A85A00D7068A /* Project object */;
}
